{
    "annotationProcessor": {
        "org.springframework.boot:spring-boot-configuration-processor": {
            "locked": "2.7.18"
        }
    },
    "compileClasspath": {
        "com.fasterxml.jackson.core:jackson-annotations": {
            "locked": "2.15.0"
        },
        "com.fasterxml.jackson.core:jackson-core": {
            "locked": "2.15.0"
        },
        "com.fasterxml.jackson.core:jackson-databind": {
            "locked": "2.15.0"
        },
        "com.fasterxml.jackson.dataformat:jackson-dataformat-cbor": {
            "locked": "2.15.0"
        },
        "com.fasterxml.jackson.dataformat:jackson-dataformat-smile": {
            "locked": "2.15.0"
        },
        "com.fasterxml.jackson.dataformat:jackson-dataformat-yaml": {
            "locked": "2.15.0"
        },
        "com.fasterxml.jackson.datatype:jackson-datatype-jdk8": {
            "locked": "2.15.0"
        },
        "com.fasterxml.jackson.datatype:jackson-datatype-joda": {
            "locked": "2.15.0"
        },
        "com.fasterxml.jackson.datatype:jackson-datatype-jsr310": {
            "locked": "2.15.0"
        },
        "com.fasterxml.jackson.jaxrs:jackson-jaxrs-json-provider": {
            "locked": "2.15.0"
        },
        "com.fasterxml.jackson.module:jackson-module-afterburner": {
            "locked": "2.15.0"
        },
        "com.netflix.eureka:eureka-client": {
            "locked": "1.10.10"
        },
        "com.swiftconductor.conductor:conductor-client": {
            "project": true
        },
        "com.swiftconductor.conductor:conductor-common": {
            "project": true
        },
        "com.swiftconductor.conductor:conductor-java-sdk": {
            "project": true
        },
        "org.apache.logging.log4j:log4j-api": {
            "locked": "2.17.2"
        },
        "org.apache.logging.log4j:log4j-core": {
            "locked": "2.17.2"
        },
        "org.apache.logging.log4j:log4j-jul": {
            "locked": "2.17.2"
        },
        "org.apache.logging.log4j:log4j-slf4j-impl": {
            "locked": "2.17.2"
        },
        "org.apache.logging.log4j:log4j-web": {
            "locked": "2.17.2"
        },
        "org.springframework.boot:spring-boot-starter": {
            "locked": "2.7.18"
        },
        "org.yaml:snakeyaml": {
            "locked": "2.0"
        }
    },
    "runtimeClasspath": {
        "cglib:cglib": {
            "firstLevelTransitive": [
                "com.swiftconductor.conductor:conductor-java-sdk"
            ],
            "locked": "3.3.0"
        },
        "com.amazonaws:aws-java-sdk-core": {
            "firstLevelTransitive": [
                "com.swiftconductor.conductor:conductor-client"
            ],
            "locked": "1.12.535"
        },
        "com.fasterxml.jackson.core:jackson-annotations": {
            "firstLevelTransitive": [
                "com.swiftconductor.conductor:conductor-annotations",
                "com.swiftconductor.conductor:conductor-client",
                "com.swiftconductor.conductor:conductor-common",
                "com.swiftconductor.conductor:conductor-java-sdk"
            ],
            "locked": "2.15.0"
        },
        "com.fasterxml.jackson.core:jackson-core": {
            "firstLevelTransitive": [
                "com.swiftconductor.conductor:conductor-annotations",
                "com.swiftconductor.conductor:conductor-client",
                "com.swiftconductor.conductor:conductor-common",
                "com.swiftconductor.conductor:conductor-java-sdk"
            ],
            "locked": "2.15.0"
        },
        "com.fasterxml.jackson.core:jackson-databind": {
            "firstLevelTransitive": [
                "com.swiftconductor.conductor:conductor-annotations",
                "com.swiftconductor.conductor:conductor-client",
                "com.swiftconductor.conductor:conductor-common",
                "com.swiftconductor.conductor:conductor-java-sdk"
            ],
            "locked": "2.15.0"
        },
        "com.fasterxml.jackson.dataformat:jackson-dataformat-cbor": {
            "firstLevelTransitive": [
                "com.swiftconductor.conductor:conductor-annotations",
                "com.swiftconductor.conductor:conductor-client",
                "com.swiftconductor.conductor:conductor-common",
                "com.swiftconductor.conductor:conductor-java-sdk"
            ],
            "locked": "2.15.0"
        },
        "com.fasterxml.jackson.dataformat:jackson-dataformat-smile": {
            "firstLevelTransitive": [
                "com.swiftconductor.conductor:conductor-annotations",
                "com.swiftconductor.conductor:conductor-client",
                "com.swiftconductor.conductor:conductor-common",
                "com.swiftconductor.conductor:conductor-java-sdk"
            ],
            "locked": "2.15.0"
        },
        "com.fasterxml.jackson.dataformat:jackson-dataformat-yaml": {
            "firstLevelTransitive": [
                "com.swiftconductor.conductor:conductor-annotations",
                "com.swiftconductor.conductor:conductor-client",
                "com.swiftconductor.conductor:conductor-common",
                "com.swiftconductor.conductor:conductor-java-sdk"
            ],
            "locked": "2.15.0"
        },
        "com.fasterxml.jackson.datatype:jackson-datatype-jdk8": {
            "firstLevelTransitive": [
                "com.swiftconductor.conductor:conductor-annotations",
                "com.swiftconductor.conductor:conductor-client",
                "com.swiftconductor.conductor:conductor-common",
                "com.swiftconductor.conductor:conductor-java-sdk"
            ],
            "locked": "2.15.0"
        },
        "com.fasterxml.jackson.datatype:jackson-datatype-joda": {
            "firstLevelTransitive": [
                "com.swiftconductor.conductor:conductor-annotations",
                "com.swiftconductor.conductor:conductor-client",
                "com.swiftconductor.conductor:conductor-common",
                "com.swiftconductor.conductor:conductor-java-sdk"
            ],
            "locked": "2.15.0"
        },
        "com.fasterxml.jackson.datatype:jackson-datatype-jsr310": {
            "firstLevelTransitive": [
                "com.swiftconductor.conductor:conductor-annotations",
                "com.swiftconductor.conductor:conductor-client",
                "com.swiftconductor.conductor:conductor-common",
                "com.swiftconductor.conductor:conductor-java-sdk"
            ],
            "locked": "2.15.0"
        },
        "com.fasterxml.jackson.jaxrs:jackson-jaxrs-json-provider": {
            "firstLevelTransitive": [
                "com.swiftconductor.conductor:conductor-annotations",
                "com.swiftconductor.conductor:conductor-client",
                "com.swiftconductor.conductor:conductor-common",
                "com.swiftconductor.conductor:conductor-java-sdk"
            ],
            "locked": "2.15.0"
        },
        "com.fasterxml.jackson.module:jackson-module-afterburner": {
            "firstLevelTransitive": [
                "com.swiftconductor.conductor:conductor-annotations",
                "com.swiftconductor.conductor:conductor-client",
                "com.swiftconductor.conductor:conductor-common",
                "com.swiftconductor.conductor:conductor-java-sdk"
            ],
            "locked": "2.15.0"
        },
        "com.google.guava:guava": {
            "firstLevelTransitive": [
                "com.swiftconductor.conductor:conductor-java-sdk"
            ],
            "locked": "32.1.2-jre"
        },
        "com.google.protobuf:protobuf-java": {
            "firstLevelTransitive": [
                "com.swiftconductor.conductor:conductor-common"
            ],
            "locked": "3.24.3"
        },
        "com.netflix.eureka:eureka-client": {
            "firstLevelTransitive": [
                "com.swiftconductor.conductor:conductor-client"
            ],
            "locked": "1.10.10"
        },
        "com.netflix.spectator:spectator-api": {
            "firstLevelTransitive": [
                "com.swiftconductor.conductor:conductor-client"
            ],
            "locked": "0.122.0"
        },
        "com.sun.jersey:jersey-client": {
            "firstLevelTransitive": [
                "com.swiftconductor.conductor:conductor-client",
                "com.swiftconductor.conductor:conductor-java-sdk"
            ],
            "locked": "1.19.4"
        },
        "com.swiftconductor.conductor:conductor-annotations": {
            "firstLevelTransitive": [
                "com.swiftconductor.conductor:conductor-common"
            ],
            "project": true
        },
        "com.swiftconductor.conductor:conductor-client": {
            "firstLevelTransitive": [
                "com.swiftconductor.conductor:conductor-java-sdk"
            ],
            "project": true
        },
        "com.swiftconductor.conductor:conductor-common": {
            "firstLevelTransitive": [
                "com.swiftconductor.conductor:conductor-client",
                "com.swiftconductor.conductor:conductor-java-sdk"
            ],
            "project": true
        },
        "com.swiftconductor.conductor:conductor-java-sdk": {
            "project": true
        },
        "commons-io:commons-io": {
            "firstLevelTransitive": [
                "com.swiftconductor.conductor:conductor-client"
            ],
            "locked": "2.7"
        },
        "javax.ws.rs:javax.ws.rs-api": {
            "firstLevelTransitive": [
                "com.swiftconductor.conductor:conductor-client",
                "com.swiftconductor.conductor:conductor-java-sdk"
            ],
            "locked": "2.1.1"
        },
        "org.apache.bval:bval-jsr": {
            "firstLevelTransitive": [
                "com.swiftconductor.conductor:conductor-common"
            ],
            "locked": "2.0.6"
        },
        "org.apache.commons:commons-lang3": {
            "firstLevelTransitive": [
                "com.swiftconductor.conductor:conductor-client",
                "com.swiftconductor.conductor:conductor-common"
            ],
            "locked": "3.12.0"
        },
        "org.apache.logging.log4j:log4j-api": {
            "firstLevelTransitive": [
                "com.swiftconductor.conductor:conductor-annotations",
                "com.swiftconductor.conductor:conductor-client",
                "com.swiftconductor.conductor:conductor-common",
                "com.swiftconductor.conductor:conductor-java-sdk"
            ],
            "locked": "2.17.2"
        },
        "org.apache.logging.log4j:log4j-core": {
            "firstLevelTransitive": [
                "com.swiftconductor.conductor:conductor-annotations",
                "com.swiftconductor.conductor:conductor-client",
                "com.swiftconductor.conductor:conductor-common",
                "com.swiftconductor.conductor:conductor-java-sdk"
            ],
            "locked": "2.17.2"
        },
        "org.apache.logging.log4j:log4j-jul": {
            "firstLevelTransitive": [
                "com.swiftconductor.conductor:conductor-annotations",
                "com.swiftconductor.conductor:conductor-client",
                "com.swiftconductor.conductor:conductor-common",
                "com.swiftconductor.conductor:conductor-java-sdk"
            ],
            "locked": "2.17.2"
        },
        "org.apache.logging.log4j:log4j-slf4j-impl": {
            "firstLevelTransitive": [
                "com.swiftconductor.conductor:conductor-annotations",
                "com.swiftconductor.conductor:conductor-client",
                "com.swiftconductor.conductor:conductor-common",
                "com.swiftconductor.conductor:conductor-java-sdk"
            ],
            "locked": "2.17.2"
        },
        "org.apache.logging.log4j:log4j-web": {
            "firstLevelTransitive": [
                "com.swiftconductor.conductor:conductor-annotations",
                "com.swiftconductor.conductor:conductor-client",
                "com.swiftconductor.conductor:conductor-common",
                "com.swiftconductor.conductor:conductor-java-sdk"
            ],
            "locked": "2.17.2"
        },
        "org.glassfish.jersey.core:jersey-common": {
            "firstLevelTransitive": [
                "com.swiftconductor.conductor:conductor-client",
                "com.swiftconductor.conductor:conductor-java-sdk"
            ],
            "locked": "2.35"
        },
        "org.openjdk.nashorn:nashorn-core": {
            "firstLevelTransitive": [
                "com.swiftconductor.conductor:conductor-java-sdk"
            ],
            "locked": "15.4"
        },
        "org.slf4j:slf4j-api": {
            "firstLevelTransitive": [
                "com.swiftconductor.conductor:conductor-client"
            ],
            "locked": "1.7.36"
        },
        "org.springframework.boot:spring-boot-starter": {
            "locked": "2.7.18"
        },
        "org.yaml:snakeyaml": {
            "firstLevelTransitive": [
                "com.swiftconductor.conductor:conductor-annotations",
                "com.swiftconductor.conductor:conductor-client",
                "com.swiftconductor.conductor:conductor-common",
                "com.swiftconductor.conductor:conductor-java-sdk"
            ],
            "locked": "2.0"
        }
    },
    "testCompileClasspath": {
        "com.fasterxml.jackson.core:jackson-annotations": {
            "locked": "2.15.0"
        },
        "com.fasterxml.jackson.core:jackson-core": {
            "locked": "2.15.0"
        },
        "com.fasterxml.jackson.core:jackson-databind": {
            "locked": "2.15.0"
        },
        "com.fasterxml.jackson.dataformat:jackson-dataformat-cbor": {
            "locked": "2.15.0"
        },
        "com.fasterxml.jackson.dataformat:jackson-dataformat-smile": {
            "locked": "2.15.0"
        },
        "com.fasterxml.jackson.dataformat:jackson-dataformat-yaml": {
            "locked": "2.15.0"
        },
        "com.fasterxml.jackson.datatype:jackson-datatype-jdk8": {
            "locked": "2.15.0"
        },
        "com.fasterxml.jackson.datatype:jackson-datatype-joda": {
            "locked": "2.15.0"
        },
        "com.fasterxml.jackson.datatype:jackson-datatype-jsr310": {
            "locked": "2.15.0"
        },
        "com.fasterxml.jackson.jaxrs:jackson-jaxrs-json-provider": {
            "locked": "2.15.0"
        },
        "com.fasterxml.jackson.module:jackson-module-afterburner": {
            "locked": "2.15.0"
        },
        "com.netflix.eureka:eureka-client": {
            "locked": "1.10.10"
        },
        "com.swiftconductor.conductor:conductor-client": {
            "project": true
        },
        "com.swiftconductor.conductor:conductor-common": {
            "project": true
        },
        "com.swiftconductor.conductor:conductor-java-sdk": {
            "project": true
        },
        "junit:junit": {
            "locked": "4.13.2"
        },
        "net.java.dev.jna:jna": {
            "locked": "5.13.0"
        },
        "org.apache.logging.log4j:log4j-api": {
            "locked": "2.17.2"
        },
        "org.apache.logging.log4j:log4j-core": {
            "locked": "2.17.2"
        },
        "org.apache.logging.log4j:log4j-jul": {
            "locked": "2.17.2"
        },
        "org.apache.logging.log4j:log4j-slf4j-impl": {
            "locked": "2.17.2"
        },
        "org.apache.logging.log4j:log4j-web": {
            "locked": "2.17.2"
        },
        "org.junit.vintage:junit-vintage-engine": {
            "locked": "5.8.2"
        },
        "org.springframework.boot:spring-boot-starter": {
            "locked": "2.7.18"
        },
        "org.springframework.boot:spring-boot-starter-log4j2": {
            "locked": "2.7.18"
        },
        "org.springframework.boot:spring-boot-starter-test": {
            "locked": "2.7.18"
        },
        "org.yaml:snakeyaml": {
            "locked": "2.0"
        }
    },
    "testRuntimeClasspath": {
        "cglib:cglib": {
            "firstLevelTransitive": [
                "com.swiftconductor.conductor:conductor-java-sdk"
            ],
            "locked": "3.3.0"
        },
        "com.amazonaws:aws-java-sdk-core": {
            "firstLevelTransitive": [
                "com.swiftconductor.conductor:conductor-client"
            ],
            "locked": "1.12.535"
        },
        "com.fasterxml.jackson.core:jackson-annotations": {
            "firstLevelTransitive": [
                "com.swiftconductor.conductor:conductor-annotations",
                "com.swiftconductor.conductor:conductor-client",
                "com.swiftconductor.conductor:conductor-common",
                "com.swiftconductor.conductor:conductor-java-sdk"
            ],
            "locked": "2.15.0"
        },
        "com.fasterxml.jackson.core:jackson-core": {
            "firstLevelTransitive": [
                "com.swiftconductor.conductor:conductor-annotations",
                "com.swiftconductor.conductor:conductor-client",
                "com.swiftconductor.conductor:conductor-common",
                "com.swiftconductor.conductor:conductor-java-sdk"
            ],
            "locked": "2.15.0"
        },
        "com.fasterxml.jackson.core:jackson-databind": {
            "firstLevelTransitive": [
                "com.swiftconductor.conductor:conductor-annotations",
                "com.swiftconductor.conductor:conductor-client",
                "com.swiftconductor.conductor:conductor-common",
                "com.swiftconductor.conductor:conductor-java-sdk"
            ],
            "locked": "2.15.0"
        },
        "com.fasterxml.jackson.dataformat:jackson-dataformat-cbor": {
            "firstLevelTransitive": [
                "com.swiftconductor.conductor:conductor-annotations",
                "com.swiftconductor.conductor:conductor-client",
                "com.swiftconductor.conductor:conductor-common",
                "com.swiftconductor.conductor:conductor-java-sdk"
            ],
            "locked": "2.15.0"
        },
        "com.fasterxml.jackson.dataformat:jackson-dataformat-smile": {
            "firstLevelTransitive": [
                "com.swiftconductor.conductor:conductor-annotations",
                "com.swiftconductor.conductor:conductor-client",
                "com.swiftconductor.conductor:conductor-common",
                "com.swiftconductor.conductor:conductor-java-sdk"
            ],
            "locked": "2.15.0"
        },
        "com.fasterxml.jackson.dataformat:jackson-dataformat-yaml": {
            "firstLevelTransitive": [
                "com.swiftconductor.conductor:conductor-annotations",
                "com.swiftconductor.conductor:conductor-client",
                "com.swiftconductor.conductor:conductor-common",
                "com.swiftconductor.conductor:conductor-java-sdk"
            ],
            "locked": "2.15.0"
        },
        "com.fasterxml.jackson.datatype:jackson-datatype-jdk8": {
            "firstLevelTransitive": [
                "com.swiftconductor.conductor:conductor-annotations",
                "com.swiftconductor.conductor:conductor-client",
                "com.swiftconductor.conductor:conductor-common",
                "com.swiftconductor.conductor:conductor-java-sdk"
            ],
            "locked": "2.15.0"
        },
        "com.fasterxml.jackson.datatype:jackson-datatype-joda": {
            "firstLevelTransitive": [
                "com.swiftconductor.conductor:conductor-annotations",
                "com.swiftconductor.conductor:conductor-client",
                "com.swiftconductor.conductor:conductor-common",
                "com.swiftconductor.conductor:conductor-java-sdk"
            ],
            "locked": "2.15.0"
        },
        "com.fasterxml.jackson.datatype:jackson-datatype-jsr310": {
            "firstLevelTransitive": [
                "com.swiftconductor.conductor:conductor-annotations",
                "com.swiftconductor.conductor:conductor-client",
                "com.swiftconductor.conductor:conductor-common",
                "com.swiftconductor.conductor:conductor-java-sdk"
            ],
            "locked": "2.15.0"
        },
        "com.fasterxml.jackson.jaxrs:jackson-jaxrs-json-provider": {
            "firstLevelTransitive": [
                "com.swiftconductor.conductor:conductor-annotations",
                "com.swiftconductor.conductor:conductor-client",
                "com.swiftconductor.conductor:conductor-common",
                "com.swiftconductor.conductor:conductor-java-sdk"
            ],
            "locked": "2.15.0"
        },
        "com.fasterxml.jackson.module:jackson-module-afterburner": {
            "firstLevelTransitive": [
                "com.swiftconductor.conductor:conductor-annotations",
                "com.swiftconductor.conductor:conductor-client",
                "com.swiftconductor.conductor:conductor-common",
                "com.swiftconductor.conductor:conductor-java-sdk"
            ],
            "locked": "2.15.0"
        },
        "com.google.guava:guava": {
            "firstLevelTransitive": [
                "com.swiftconductor.conductor:conductor-java-sdk"
            ],
            "locked": "32.1.2-jre"
        },
        "com.google.protobuf:protobuf-java": {
            "firstLevelTransitive": [
                "com.swiftconductor.conductor:conductor-common"
            ],
            "locked": "3.24.3"
        },
        "com.netflix.eureka:eureka-client": {
            "firstLevelTransitive": [
                "com.swiftconductor.conductor:conductor-client"
            ],
            "locked": "1.10.10"
        },
        "com.netflix.spectator:spectator-api": {
            "firstLevelTransitive": [
                "com.swiftconductor.conductor:conductor-client"
            ],
            "locked": "0.122.0"
        },
        "com.sun.jersey:jersey-client": {
            "firstLevelTransitive": [
                "com.swiftconductor.conductor:conductor-client",
                "com.swiftconductor.conductor:conductor-java-sdk"
            ],
            "locked": "1.19.4"
        },
        "com.swiftconductor.conductor:conductor-annotations": {
            "firstLevelTransitive": [
                "com.swiftconductor.conductor:conductor-common"
            ],
            "project": true
        },
        "com.swiftconductor.conductor:conductor-client": {
            "firstLevelTransitive": [
                "com.swiftconductor.conductor:conductor-java-sdk"
            ],
            "project": true
        },
        "com.swiftconductor.conductor:conductor-common": {
            "firstLevelTransitive": [
                "com.swiftconductor.conductor:conductor-client",
                "com.swiftconductor.conductor:conductor-java-sdk"
            ],
            "project": true
        },
        "com.swiftconductor.conductor:conductor-java-sdk": {
            "project": true
        },
        "commons-io:commons-io": {
            "firstLevelTransitive": [
                "com.swiftconductor.conductor:conductor-client"
            ],
            "locked": "2.7"
        },
        "javax.ws.rs:javax.ws.rs-api": {
            "firstLevelTransitive": [
                "com.swiftconductor.conductor:conductor-client",
                "com.swiftconductor.conductor:conductor-java-sdk"
            ],
            "locked": "2.1.1"
        },
        "junit:junit": {
            "locked": "4.13.2"
        },
        "net.java.dev.jna:jna": {
            "locked": "5.13.0"
        },
        "org.apache.bval:bval-jsr": {
            "firstLevelTransitive": [
                "com.swiftconductor.conductor:conductor-common"
            ],
            "locked": "2.0.6"
        },
        "org.apache.commons:commons-lang3": {
            "firstLevelTransitive": [
                "com.swiftconductor.conductor:conductor-client",
                "com.swiftconductor.conductor:conductor-common"
            ],
            "locked": "3.12.0"
        },
        "org.apache.logging.log4j:log4j-api": {
            "firstLevelTransitive": [
                "com.swiftconductor.conductor:conductor-annotations",
                "com.swiftconductor.conductor:conductor-client",
                "com.swiftconductor.conductor:conductor-common",
                "com.swiftconductor.conductor:conductor-java-sdk"
            ],
            "locked": "2.17.2"
        },
        "org.apache.logging.log4j:log4j-core": {
            "firstLevelTransitive": [
                "com.swiftconductor.conductor:conductor-annotations",
                "com.swiftconductor.conductor:conductor-client",
                "com.swiftconductor.conductor:conductor-common",
                "com.swiftconductor.conductor:conductor-java-sdk"
            ],
            "locked": "2.17.2"
        },
        "org.apache.logging.log4j:log4j-jul": {
            "firstLevelTransitive": [
                "com.swiftconductor.conductor:conductor-annotations",
                "com.swiftconductor.conductor:conductor-client",
                "com.swiftconductor.conductor:conductor-common",
                "com.swiftconductor.conductor:conductor-java-sdk"
            ],
            "locked": "2.17.2"
        },
        "org.apache.logging.log4j:log4j-slf4j-impl": {
            "firstLevelTransitive": [
                "com.swiftconductor.conductor:conductor-annotations",
                "com.swiftconductor.conductor:conductor-client",
                "com.swiftconductor.conductor:conductor-common",
                "com.swiftconductor.conductor:conductor-java-sdk"
            ],
            "locked": "2.17.2"
        },
        "org.apache.logging.log4j:log4j-web": {
            "firstLevelTransitive": [
                "com.swiftconductor.conductor:conductor-annotations",
                "com.swiftconductor.conductor:conductor-client",
                "com.swiftconductor.conductor:conductor-common",
                "com.swiftconductor.conductor:conductor-java-sdk"
            ],
            "locked": "2.17.2"
        },
        "org.glassfish.jersey.core:jersey-common": {
            "firstLevelTransitive": [
                "com.swiftconductor.conductor:conductor-client",
                "com.swiftconductor.conductor:conductor-java-sdk"
            ],
            "locked": "2.35"
        },
        "org.junit.vintage:junit-vintage-engine": {
            "locked": "5.8.2"
        },
        "org.openjdk.nashorn:nashorn-core": {
            "firstLevelTransitive": [
                "com.swiftconductor.conductor:conductor-java-sdk"
            ],
            "locked": "15.4"
        },
        "org.slf4j:slf4j-api": {
            "firstLevelTransitive": [
                "com.swiftconductor.conductor:conductor-client"
            ],
            "locked": "1.7.36"
        },
        "org.springframework.boot:spring-boot-starter": {
            "locked": "2.7.18"
        },
        "org.springframework.boot:spring-boot-starter-log4j2": {
            "locked": "2.7.18"
        },
        "org.springframework.boot:spring-boot-starter-test": {
            "locked": "2.7.18"
        },
        "org.yaml:snakeyaml": {
            "firstLevelTransitive": [
                "com.swiftconductor.conductor:conductor-annotations",
                "com.swiftconductor.conductor:conductor-client",
                "com.swiftconductor.conductor:conductor-common",
                "com.swiftconductor.conductor:conductor-java-sdk"
            ],
            "locked": "2.0"
        }
    }
}